
Microsoft Visual Studio Solution File, Format Version 12.00
# Visual Studio Version 17
VisualStudioVersion = 17.3.32922.545
MinimumVisualStudioVersion = 10.0.40219.1
Project("{FAE04EC0-301F-11D3-BF4B-00C04F79EFBC}") = "ЛАБ6 Ширяєв", "ЛАБ6 Ширяєв.csproj", "{6200EE4E-AC5A-4794-8109-6585CFE57EBD}"
EndProject
Global
	GlobalSection(SolutionConfigurationPlatforms) = preSolution
		Debug|Any CPU = Debug|Any CPU
		Release|Any CPU = Release|Any CPU
	EndGlobalSection
	GlobalSection(ProjectConfigurationPlatforms) = postSolution
		{6200EE4E-AC5A-4794-8109-6585CFE57EBD}.Debug|Any CPU.ActiveCfg = Debug|Any CPU
		{6200EE4E-AC5A-4794-8109-6585CFE57EBD}.Debug|Any CPU.Build.0 = Debug|Any CPU
		{6200EE4E-AC5A-4794-8109-6585CFE57EBD}.Release|Any CPU.ActiveCfg = Release|Any CPU
		{6200EE4E-AC5A-4794-8109-6585CFE57EBD}.Release|Any CPU.Build.0 = Release|Any CPU
	EndGlobalSection
	GlobalSection(SolutionProperties) = preSolution
		HideSolutionNode = FALSE
	EndGlobalSection
	GlobalSection(ExtensibilityGlobals) = postSolution
		SolutionGuid = {D90EA87A-275C-4313-9F37-874F8EC23657}
	EndGlobalSection
EndGlobal
